# THIS IS AN AUTOGENERATED FILE. DO NOT EDIT THIS FILE DIRECTLY.
# yarn lockfile v1


npm-go-bin@latest:
  version "0.0.1"
  resolved "https://registry.yarnpkg.com/npm-go-bin/-/npm-go-bin-0.0.1.tgz#acbf3c3f728fdc74f9e3197f25844ee1a4ecbd3b"
  integrity sha512-MNQSlayGXDx0EGzJvSK2D9gjy1JUOVHhSb08UCh6zJ+UHUhl1aR26qTCdreBRF9JDAjIuZ6kHqlZisPRPJf1kQ==
