# THIS IS AN AUTOGENERATED FILE. DO NOT EDIT THIS FILE DIRECTLY.
# yarn lockfile v1


"@go-task/go-npm@^0.1.17":
  version "0.1.17"
  resolved "https://registry.yarnpkg.com/@go-task/go-npm/-/go-npm-0.1.17.tgz#927a1a87a40024a9b192b58c40e6c86eefbbc836"
  integrity sha512-j+xydQWrAxsqLYjweok1fWzDmBAA1g/gmFbPyG8kRI/d/+rzXGGLlro8zdS6mJ3Is+8BrIy2ZBmQkoONhowh7A==
