# THIS IS AN AUTOGENERATED FILE. DO NOT EDIT THIS FILE DIRECTLY.
# yarn lockfile v1


npm-go-bin@^0.0.1-beta.1:
  version "0.0.1-beta.1"
  resolved "https://registry.yarnpkg.com/npm-go-bin/-/npm-go-bin-0.0.1-beta.1.tgz#5db3b62e2903641c523d7a7af0124df915950e1e"
  integrity sha512-XvSZ1NmFTlDyMylAOlnqbYIR+UVoVFUYwgyufGHRJhcdO+3mNKWDUULeSD1yg+8nTMGgB1DbfjH1ryfyLCei+g==
